// !$*UTF8*$!
{
	archiveVersion = 1;
	classes = {
	};
	objectVersion = 51;
	objects = {

/* Begin PBXBuildFile section */
		4135F741232A0A8800EAFC91 /* MapViewController.xib in Resources */ = {isa = PBXBuildFile; fileRef = 4135F740232A0A8800EAFC91 /* MapViewController.xib */; };
		4135F743232A0ACA00EAFC91 /* MapViewController.swift in Sources */ = {isa = PBXBuildFile; fileRef = 4135F742232A0ACA00EAFC91 /* MapViewController.swift */; };
		4135F74B232AD9D300EAFC91 /* ArtworkMarkerView.swift in Sources */ = {isa = PBXBuildFile; fileRef = 4135F74A232AD9D300EAFC91 /* ArtworkMarkerView.swift */; };
		414BD9E42329495900785ED2 /* AppDelegate.swift in Sources */ = {isa = PBXBuildFile; fileRef = 414BD9E32329495900785ED2 /* AppDelegate.swift */; };
		414BD9E92329495900785ED2 /* Main.storyboard in Resources */ = {isa = PBXBuildFile; fileRef = 414BD9E72329495900785ED2 /* Main.storyboard */; };
		414BD9EB2329495A00785ED2 /* Assets.xcassets in Resources */ = {isa = PBXBuildFile; fileRef = 414BD9EA2329495A00785ED2 /* Assets.xcassets */; };
		414BD9EE2329495A00785ED2 /* LaunchScreen.storyboard in Resources */ = {isa = PBXBuildFile; fileRef = 414BD9EC2329495A00785ED2 /* LaunchScreen.storyboard */; };
		414BD9F92329495A00785ED2 /* Fi_dog_walk_trackerTests.swift in Sources */ = {isa = PBXBuildFile; fileRef = 414BD9F82329495A00785ED2 /* Fi_dog_walk_trackerTests.swift */; };
		414BDA042329495A00785ED2 /* Fi_dog_walk_trackerUITests.swift in Sources */ = {isa = PBXBuildFile; fileRef = 414BDA032329495A00785ED2 /* Fi_dog_walk_trackerUITests.swift */; };
		4153A41B23294AF7007619FC /* Server.swift in Sources */ = {isa = PBXBuildFile; fileRef = 4153A41A23294AF7007619FC /* Server.swift */; };
		4153A41D23294B12007619FC /* Swift+Database.swift in Sources */ = {isa = PBXBuildFile; fileRef = 4153A41C23294B12007619FC /* Swift+Database.swift */; };
		4153A41F23294BBB007619FC /* Walks.swift in Sources */ = {isa = PBXBuildFile; fileRef = 4153A41E23294BBB007619FC /* Walks.swift */; };
		4153A42723299D78007619FC /* WalksTableViewCell.swift in Sources */ = {isa = PBXBuildFile; fileRef = 4153A42623299D78007619FC /* WalksTableViewCell.swift */; };
		4153A42923299D85007619FC /* WalksTableViewCell.xib in Resources */ = {isa = PBXBuildFile; fileRef = 4153A42823299D85007619FC /* WalksTableViewCell.xib */; };
		4153A42F2329A6FC007619FC /* GoogleService-Info.plist in Resources */ = {isa = PBXBuildFile; fileRef = 4153A42E2329A6FC007619FC /* GoogleService-Info.plist */; };
		4153A4322329ECEE007619FC /* WalksViewController.swift in Sources */ = {isa = PBXBuildFile; fileRef = 4153A4312329ECEE007619FC /* WalksViewController.swift */; };
		4153A4332329EF18007619FC /* WalksViewController.xib in Resources */ = {isa = PBXBuildFile; fileRef = 4153A42223294CBF007619FC /* WalksViewController.xib */; };
		9EA5E70CF8FA52F47DAE56D7 /* Pods_Fi_dog_walk_tracker.framework in Frameworks */ = {isa = PBXBuildFile; fileRef = 38166C5B0319D41BA3ADC542 /* Pods_Fi_dog_walk_tracker.framework */; };
/* End PBXBuildFile section */

/* Begin PBXContainerItemProxy section */
		414BD9F52329495A00785ED2 /* PBXContainerItemProxy */ = {
			isa = PBXContainerItemProxy;
			containerPortal = 414BD9D82329495900785ED2 /* Project object */;
			proxyType = 1;
			remoteGlobalIDString = 414BD9DF2329495900785ED2;
			remoteInfo = Fi_dog_walk_tracker;
		};
		414BDA002329495A00785ED2 /* PBXContainerItemProxy */ = {
			isa = PBXContainerItemProxy;
			containerPortal = 414BD9D82329495900785ED2 /* Project object */;
			proxyType = 1;
			remoteGlobalIDString = 414BD9DF2329495900785ED2;
			remoteInfo = Fi_dog_walk_tracker;
		};
/* End PBXContainerItemProxy section */

/* Begin PBXFileReference section */
		38166C5B0319D41BA3ADC542 /* Pods_Fi_dog_walk_tracker.framework */ = {isa = PBXFileReference; explicitFileType = wrapper.framework; includeInIndex = 0; path = Pods_Fi_dog_walk_tracker.framework; sourceTree = BUILT_PRODUCTS_DIR; };
		4135F740232A0A8800EAFC91 /* MapViewController.xib */ = {isa = PBXFileReference; lastKnownFileType = file.xib; path = MapViewController.xib; sourceTree = "<group>"; };
		4135F742232A0ACA00EAFC91 /* MapViewController.swift */ = {isa = PBXFileReference; lastKnownFileType = sourcecode.swift; path = MapViewController.swift; sourceTree = "<group>"; };
		4135F74A232AD9D300EAFC91 /* ArtworkMarkerView.swift */ = {isa = PBXFileReference; lastKnownFileType = sourcecode.swift; path = ArtworkMarkerView.swift; sourceTree = "<group>"; };
		414BD9E02329495900785ED2 /* Fi_dog_walk_tracker.app */ = {isa = PBXFileReference; explicitFileType = wrapper.application; includeInIndex = 0; path = Fi_dog_walk_tracker.app; sourceTree = BUILT_PRODUCTS_DIR; };
		414BD9E32329495900785ED2 /* AppDelegate.swift */ = {isa = PBXFileReference; lastKnownFileType = sourcecode.swift; path = AppDelegate.swift; sourceTree = "<group>"; };
		414BD9E82329495900785ED2 /* Base */ = {isa = PBXFileReference; lastKnownFileType = file.storyboard; name = Base; path = Base.lproj/Main.storyboard; sourceTree = "<group>"; };
		414BD9EA2329495A00785ED2 /* Assets.xcassets */ = {isa = PBXFileReference; lastKnownFileType = folder.assetcatalog; path = Assets.xcassets; sourceTree = "<group>"; };
		414BD9ED2329495A00785ED2 /* Base */ = {isa = PBXFileReference; lastKnownFileType = file.storyboard; name = Base; path = Base.lproj/LaunchScreen.storyboard; sourceTree = "<group>"; };
		414BD9EF2329495A00785ED2 /* Info.plist */ = {isa = PBXFileReference; lastKnownFileType = text.plist.xml; path = Info.plist; sourceTree = "<group>"; };
		414BD9F42329495A00785ED2 /* Fi_dog_walk_trackerTests.xctest */ = {isa = PBXFileReference; explicitFileType = wrapper.cfbundle; includeInIndex = 0; path = Fi_dog_walk_trackerTests.xctest; sourceTree = BUILT_PRODUCTS_DIR; };
		414BD9F82329495A00785ED2 /* Fi_dog_walk_trackerTests.swift */ = {isa = PBXFileReference; lastKnownFileType = sourcecode.swift; path = Fi_dog_walk_trackerTests.swift; sourceTree = "<group>"; };
		414BD9FA2329495A00785ED2 /* Info.plist */ = {isa = PBXFileReference; lastKnownFileType = text.plist.xml; path = Info.plist; sourceTree = "<group>"; };
		414BD9FF2329495A00785ED2 /* Fi_dog_walk_trackerUITests.xctest */ = {isa = PBXFileReference; explicitFileType = wrapper.cfbundle; includeInIndex = 0; path = Fi_dog_walk_trackerUITests.xctest; sourceTree = BUILT_PRODUCTS_DIR; };
		414BDA032329495A00785ED2 /* Fi_dog_walk_trackerUITests.swift */ = {isa = PBXFileReference; lastKnownFileType = sourcecode.swift; path = Fi_dog_walk_trackerUITests.swift; sourceTree = "<group>"; };
		414BDA052329495A00785ED2 /* Info.plist */ = {isa = PBXFileReference; lastKnownFileType = text.plist.xml; path = Info.plist; sourceTree = "<group>"; };
		4153A41A23294AF7007619FC /* Server.swift */ = {isa = PBXFileReference; lastKnownFileType = sourcecode.swift; path = Server.swift; sourceTree = "<group>"; };
		4153A41C23294B12007619FC /* Swift+Database.swift */ = {isa = PBXFileReference; lastKnownFileType = sourcecode.swift; path = "Swift+Database.swift"; sourceTree = "<group>"; };
		4153A41E23294BBB007619FC /* Walks.swift */ = {isa = PBXFileReference; lastKnownFileType = sourcecode.swift; path = Walks.swift; sourceTree = "<group>"; };
		4153A42223294CBF007619FC /* WalksViewController.xib */ = {isa = PBXFileReference; lastKnownFileType = file.xib; path = WalksViewController.xib; sourceTree = "<group>"; };
		4153A42623299D78007619FC /* WalksTableViewCell.swift */ = {isa = PBXFileReference; lastKnownFileType = sourcecode.swift; path = WalksTableViewCell.swift; sourceTree = "<group>"; };
		4153A42823299D85007619FC /* WalksTableViewCell.xib */ = {isa = PBXFileReference; lastKnownFileType = file.xib; path = WalksTableViewCell.xib; sourceTree = "<group>"; };
		4153A42E2329A6FC007619FC /* GoogleService-Info.plist */ = {isa = PBXFileReference; fileEncoding = 4; lastKnownFileType = text.plist.xml; path = "GoogleService-Info.plist"; sourceTree = "<group>"; };
		4153A4312329ECEE007619FC /* WalksViewController.swift */ = {isa = PBXFileReference; lastKnownFileType = sourcecode.swift; path = WalksViewController.swift; sourceTree = "<group>"; };
		B5E1EA8ADD8E3BF5318076A4 /* Pods-Fi_dog_walk_tracker.release.xcconfig */ = {isa = PBXFileReference; includeInIndex = 1; lastKnownFileType = text.xcconfig; name = "Pods-Fi_dog_walk_tracker.release.xcconfig"; path = "Target Support Files/Pods-Fi_dog_walk_tracker/Pods-Fi_dog_walk_tracker.release.xcconfig"; sourceTree = "<group>"; };
		C44F411F1301BF4B8133B918 /* Pods-Fi_dog_walk_tracker.debug.xcconfig */ = {isa = PBXFileReference; includeInIndex = 1; lastKnownFileType = text.xcconfig; name = "Pods-Fi_dog_walk_tracker.debug.xcconfig"; path = "Target Support Files/Pods-Fi_dog_walk_tracker/Pods-Fi_dog_walk_tracker.debug.xcconfig"; sourceTree = "<group>"; };
/* End PBXFileReference section */

/* Begin PBXFrameworksBuildPhase section */
		414BD9DD2329495900785ED2 /* Frameworks */ = {
			isa = PBXFrameworksBuildPhase;
			buildActionMask = 2147483647;
			files = (
				9EA5E70CF8FA52F47DAE56D7 /* Pods_Fi_dog_walk_tracker.framework in Frameworks */,
			);
			runOnlyForDeploymentPostprocessing = 0;
		};
		414BD9F12329495A00785ED2 /* Frameworks */ = {
			isa = PBXFrameworksBuildPhase;
			buildActionMask = 2147483647;
			files = (
			);
			runOnlyForDeploymentPostprocessing = 0;
		};
		414BD9FC2329495A00785ED2 /* Frameworks */ = {
			isa = PBXFrameworksBuildPhase;
			buildActionMask = 2147483647;
			files = (
			);
			runOnlyForDeploymentPostprocessing = 0;
		};
/* End PBXFrameworksBuildPhase section */

/* Begin PBXGroup section */
		414BD9D72329495900785ED2 = {
			isa = PBXGroup;
			children = (
				414BD9E22329495900785ED2 /* Fi_dog_walk_tracker */,
				414BD9F72329495A00785ED2 /* Fi_dog_walk_trackerTests */,
				414BDA022329495A00785ED2 /* Fi_dog_walk_trackerUITests */,
				414BD9E12329495900785ED2 /* Products */,
				B0C538F992AAB3B7D095A47D /* Pods */,
				54E658C768E0F51368AE190B /* Frameworks */,
			);
			sourceTree = "<group>";
		};
		414BD9E12329495900785ED2 /* Products */ = {
			isa = PBXGroup;
			children = (
				414BD9E02329495900785ED2 /* Fi_dog_walk_tracker.app */,
				414BD9F42329495A00785ED2 /* Fi_dog_walk_trackerTests.xctest */,
				414BD9FF2329495A00785ED2 /* Fi_dog_walk_trackerUITests.xctest */,
			);
			name = Products;
			sourceTree = "<group>";
		};
		414BD9E22329495900785ED2 /* Fi_dog_walk_tracker */ = {
			isa = PBXGroup;
			children = (
				4153A41923294AA0007619FC /* Supporting */,
				4153A41223294A42007619FC /* UI */,
				4153A41023294A30007619FC /* Server */,
				414BD9E72329495900785ED2 /* Main.storyboard */,
				414BD9EA2329495A00785ED2 /* Assets.xcassets */,
				414BD9EC2329495A00785ED2 /* LaunchScreen.storyboard */,
				4153A42E2329A6FC007619FC /* GoogleService-Info.plist */,
				414BD9EF2329495A00785ED2 /* Info.plist */,
			);
			path = Fi_dog_walk_tracker;
			sourceTree = "<group>";
		};
		414BD9F72329495A00785ED2 /* Fi_dog_walk_trackerTests */ = {
			isa = PBXGroup;
			children = (
				414BD9F82329495A00785ED2 /* Fi_dog_walk_trackerTests.swift */,
				414BD9FA2329495A00785ED2 /* Info.plist */,
			);
			path = Fi_dog_walk_trackerTests;
			sourceTree = "<group>";
		};
		414BDA022329495A00785ED2 /* Fi_dog_walk_trackerUITests */ = {
			isa = PBXGroup;
			children = (
				414BDA032329495A00785ED2 /* Fi_dog_walk_trackerUITests.swift */,
				414BDA052329495A00785ED2 /* Info.plist */,
			);
			path = Fi_dog_walk_trackerUITests;
			sourceTree = "<group>";
		};
		4153A41023294A30007619FC /* Server */ = {
			isa = PBXGroup;
			children = (
				414BD9E32329495900785ED2 /* AppDelegate.swift */,
			);
			path = Server;
			sourceTree = "<group>";
		};
		4153A41223294A42007619FC /* UI */ = {
			isa = PBXGroup;
			children = (
				4153A41323294A4A007619FC /* Models */,
				4153A41523294A57007619FC /* Views */,
				4153A41723294A77007619FC /* ViewControllers */,
			);
			path = UI;
			sourceTree = "<group>";
		};
		4153A41323294A4A007619FC /* Models */ = {
			isa = PBXGroup;
			children = (
				4153A41E23294BBB007619FC /* Walks.swift */,
			);
			path = Models;
			sourceTree = "<group>";
		};
		4153A41523294A57007619FC /* Views */ = {
			isa = PBXGroup;
			children = (
				4153A42223294CBF007619FC /* WalksViewController.xib */,
				4153A42823299D85007619FC /* WalksTableViewCell.xib */,
				4135F740232A0A8800EAFC91 /* MapViewController.xib */,
			);
			path = Views;
			sourceTree = "<group>";
		};
		4153A41723294A77007619FC /* ViewControllers */ = {
			isa = PBXGroup;
			children = (
				4153A4312329ECEE007619FC /* WalksViewController.swift */,
				4153A42623299D78007619FC /* WalksTableViewCell.swift */,
				4135F742232A0ACA00EAFC91 /* MapViewController.swift */,
				4135F74A232AD9D300EAFC91 /* ArtworkMarkerView.swift */,
			);
			path = ViewControllers;
			sourceTree = "<group>";
		};
		4153A41923294AA0007619FC /* Supporting */ = {
			isa = PBXGroup;
			children = (
				4153A41A23294AF7007619FC /* Server.swift */,
				4153A41C23294B12007619FC /* Swift+Database.swift */,
			);
			path = Supporting;
			sourceTree = "<group>";
		};
		54E658C768E0F51368AE190B /* Frameworks */ = {
			isa = PBXGroup;
			children = (
				38166C5B0319D41BA3ADC542 /* Pods_Fi_dog_walk_tracker.framework */,
			);
			name = Frameworks;
			sourceTree = "<group>";
		};
		B0C538F992AAB3B7D095A47D /* Pods */ = {
			isa = PBXGroup;
			children = (
				C44F411F1301BF4B8133B918 /* Pods-Fi_dog_walk_tracker.debug.xcconfig */,
				B5E1EA8ADD8E3BF5318076A4 /* Pods-Fi_dog_walk_tracker.release.xcconfig */,
			);
			path = Pods;
			sourceTree = "<group>";
		};
/* End PBXGroup section */

/* Begin PBXNativeTarget section */
		414BD9DF2329495900785ED2 /* Fi_dog_walk_tracker */ = {
			isa = PBXNativeTarget;
			buildConfigurationList = 414BDA082329495A00785ED2 /* Build configuration list for PBXNativeTarget "Fi_dog_walk_tracker" */;
			buildPhases = (
				A2C3257168CAED9E031C0201 /* [CP] Check Pods Manifest.lock */,
				414BD9DC2329495900785ED2 /* Sources */,
				414BD9DD2329495900785ED2 /* Frameworks */,
				414BD9DE2329495900785ED2 /* Resources */,
				FBF8527080BF966EECC6949D /* [CP] Embed Pods Frameworks */,
			);
			buildRules = (
			);
			dependencies = (
			);
			name = Fi_dog_walk_tracker;
			productName = Fi_dog_walk_tracker;
			productReference = 414BD9E02329495900785ED2 /* Fi_dog_walk_tracker.app */;
			productType = "com.apple.product-type.application";
		};
		414BD9F32329495A00785ED2 /* Fi_dog_walk_trackerTests */ = {
			isa = PBXNativeTarget;
			buildConfigurationList = 414BDA0B2329495A00785ED2 /* Build configuration list for PBXNativeTarget "Fi_dog_walk_trackerTests" */;
			buildPhases = (
				414BD9F02329495A00785ED2 /* Sources */,
				414BD9F12329495A00785ED2 /* Frameworks */,
				414BD9F22329495A00785ED2 /* Resources */,
			);
			buildRules = (
			);
			dependencies = (
				414BD9F62329495A00785ED2 /* PBXTargetDependency */,
			);
			name = Fi_dog_walk_trackerTests;
			productName = Fi_dog_walk_trackerTests;
			productReference = 414BD9F42329495A00785ED2 /* Fi_dog_walk_trackerTests.xctest */;
			productType = "com.apple.product-type.bundle.unit-test";
		};
		414BD9FE2329495A00785ED2 /* Fi_dog_walk_trackerUITests */ = {
			isa = PBXNativeTarget;
			buildConfigurationList = 414BDA0E2329495A00785ED2 /* Build configuration list for PBXNativeTarget "Fi_dog_walk_trackerUITests" */;
			buildPhases = (
				414BD9FB2329495A00785ED2 /* Sources */,
				414BD9FC2329495A00785ED2 /* Frameworks */,
				414BD9FD2329495A00785ED2 /* Resources */,
			);
			buildRules = (
			);
			dependencies = (
				414BDA012329495A00785ED2 /* PBXTargetDependency */,
			);
			name = Fi_dog_walk_trackerUITests;
			productName = Fi_dog_walk_trackerUITests;
			productReference = 414BD9FF2329495A00785ED2 /* Fi_dog_walk_trackerUITests.xctest */;
			productType = "com.apple.product-type.bundle.ui-testing";
		};
/* End PBXNativeTarget section */

/* Begin PBXProject section */
		414BD9D82329495900785ED2 /* Project object */ = {
			isa = PBXProject;
			attributes = {
				LastSwiftUpdateCheck = 1030;
				LastUpgradeCheck = 1030;
				ORGANIZATIONNAME = "Shiv Kalola";
				TargetAttributes = {
					414BD9DF2329495900785ED2 = {
						CreatedOnToolsVersion = 10.3;
					};
					414BD9F32329495A00785ED2 = {
						CreatedOnToolsVersion = 10.3;
						TestTargetID = 414BD9DF2329495900785ED2;
					};
					414BD9FE2329495A00785ED2 = {
						CreatedOnToolsVersion = 10.3;
						TestTargetID = 414BD9DF2329495900785ED2;
					};
				};
			};
			buildConfigurationList = 414BD9DB2329495900785ED2 /* Build configuration list for PBXProject "Fi_dog_walk_tracker" */;
			compatibilityVersion = "Xcode 9.3";
			developmentRegion = en;
			hasScannedForEncodings = 0;
			knownRegions = (
				en,
				Base,
			);
			mainGroup = 414BD9D72329495900785ED2;
			productRefGroup = 414BD9E12329495900785ED2 /* Products */;
			projectDirPath = "";
			projectRoot = "";
			targets = (
				414BD9DF2329495900785ED2 /* Fi_dog_walk_tracker */,
				414BD9F32329495A00785ED2 /* Fi_dog_walk_trackerTests */,
				414BD9FE2329495A00785ED2 /* Fi_dog_walk_trackerUITests */,
			);
		};
/* End PBXProject section */

/* Begin PBXResourcesBuildPhase section */
		414BD9DE2329495900785ED2 /* Resources */ = {
			isa = PBXResourcesBuildPhase;
			buildActionMask = 2147483647;
			files = (
				4153A42F2329A6FC007619FC /* GoogleService-Info.plist in Resources */,
				414BD9EE2329495A00785ED2 /* LaunchScreen.storyboard in Resources */,
				4153A42923299D85007619FC /* WalksTableViewCell.xib in Resources */,
				414BD9EB2329495A00785ED2 /* Assets.xcassets in Resources */,
				4135F741232A0A8800EAFC91 /* MapViewController.xib in Resources */,
				414BD9E92329495900785ED2 /* Main.storyboard in Resources */,
				4153A4332329EF18007619FC /* WalksViewController.xib in Resources */,
			);
			runOnlyForDeploymentPostprocessing = 0;
		};
		414BD9F22329495A00785ED2 /* Resources */ = {
			isa = PBXResourcesBuildPhase;
			buildActionMask = 2147483647;
			files = (
			);
			runOnlyForDeploymentPostprocessing = 0;
		};
		414BD9FD2329495A00785ED2 /* Resources */ = {
			isa = PBXResourcesBuildPhase;
			buildActionMask = 2147483647;
			files = (
			);
			runOnlyForDeploymentPostprocessing = 0;
		};
/* End PBXResourcesBuildPhase section */

/* Begin PBXShellScriptBuildPhase section */
		A2C3257168CAED9E031C0201 /* [CP] Check Pods Manifest.lock */ = {
			isa = PBXShellScriptBuildPhase;
			buildActionMask = 2147483647;
			files = (
			);
			inputFileListPaths = (
			);
			inputPaths = (
				"${PODS_PODFILE_DIR_PATH}/Podfile.lock",
				"${PODS_ROOT}/Manifest.lock",
			);
			name = "[CP] Check Pods Manifest.lock";
			outputFileListPaths = (
			);
			outputPaths = (
				"$(DERIVED_FILE_DIR)/Pods-Fi_dog_walk_tracker-checkManifestLockResult.txt",
			);
			runOnlyForDeploymentPostprocessing = 0;
			shellPath = /bin/sh;
			shellScript = "diff \"${PODS_PODFILE_DIR_PATH}/Podfile.lock\" \"${PODS_ROOT}/Manifest.lock\" > /dev/null\nif [ $? != 0 ] ; then\n    # print error to STDERR\n    echo \"error: The sandbox is not in sync with the Podfile.lock. Run 'pod install' or update your CocoaPods installation.\" >&2\n    exit 1\nfi\n# This output is used by Xcode 'outputs' to avoid re-running this script phase.\necho \"SUCCESS\" > \"${SCRIPT_OUTPUT_FILE_0}\"\n";
			showEnvVarsInLog = 0;
		};
		FBF8527080BF966EECC6949D /* [CP] Embed Pods Frameworks */ = {
			isa = PBXShellScriptBuildPhase;
			buildActionMask = 2147483647;
			files = (
			);
			inputFileListPaths = (
				"${PODS_ROOT}/Target Support Files/Pods-Fi_dog_walk_tracker/Pods-Fi_dog_walk_tracker-frameworks-${CONFIGURATION}-input-files.xcfilelist",
			);
			name = "[CP] Embed Pods Frameworks";
			outputFileListPaths = (
				"${PODS_ROOT}/Target Support Files/Pods-Fi_dog_walk_tracker/Pods-Fi_dog_walk_tracker-frameworks-${CONFIGURATION}-output-files.xcfilelist",
			);
			runOnlyForDeploymentPostprocessing = 0;
			shellPath = /bin/sh;
			shellScript = "\"${PODS_ROOT}/Target Support Files/Pods-Fi_dog_walk_tracker/Pods-Fi_dog_walk_tracker-frameworks.sh\"\n";
			showEnvVarsInLog = 0;
		};
/* End PBXShellScriptBuildPhase section */

/* Begin PBXSourcesBuildPhase section */
		414BD9DC2329495900785ED2 /* Sources */ = {
			isa = PBXSourcesBuildPhase;
			buildActionMask = 2147483647;
			files = (
				4153A41F23294BBB007619FC /* Walks.swift in Sources */,
				4135F74B232AD9D300EAFC91 /* ArtworkMarkerView.swift in Sources */,
				4153A41D23294B12007619FC /* Swift+Database.swift in Sources */,
				4153A42723299D78007619FC /* WalksTableViewCell.swift in Sources */,
				4153A41B23294AF7007619FC /* Server.swift in Sources */,
				414BD9E42329495900785ED2 /* AppDelegate.swift in Sources */,
				4153A4322329ECEE007619FC /* WalksViewController.swift in Sources */,
				4135F743232A0ACA00EAFC91 /* MapViewController.swift in Sources */,
			);
			runOnlyForDeploymentPostprocessing = 0;
		};
		414BD9F02329495A00785ED2 /* Sources */ = {
			isa = PBXSourcesBuildPhase;
			buildActionMask = 2147483647;
			files = (
				414BD9F92329495A00785ED2 /* Fi_dog_walk_trackerTests.swift in Sources */,
			);
			runOnlyForDeploymentPostprocessing = 0;
		};
		414BD9FB2329495A00785ED2 /* Sources */ = {
			isa = PBXSourcesBuildPhase;
			buildActionMask = 2147483647;
			files = (
				414BDA042329495A00785ED2 /* Fi_dog_walk_trackerUITests.swift in Sources */,
			);
			runOnlyForDeploymentPostprocessing = 0;
		};
/* End PBXSourcesBuildPhase section */

/* Begin PBXTargetDependency section */
		414BD9F62329495A00785ED2 /* PBXTargetDependency */ = {
			isa = PBXTargetDependency;
			target = 414BD9DF2329495900785ED2 /* Fi_dog_walk_tracker */;
			targetProxy = 414BD9F52329495A00785ED2 /* PBXContainerItemProxy */;
		};
		414BDA012329495A00785ED2 /* PBXTargetDependency */ = {
			isa = PBXTargetDependency;
			target = 414BD9DF2329495900785ED2 /* Fi_dog_walk_tracker */;
			targetProxy = 414BDA002329495A00785ED2 /* PBXContainerItemProxy */;
		};
/* End PBXTargetDependency section */

/* Begin PBXVariantGroup section */
		414BD9E72329495900785ED2 /* Main.storyboard */ = {
			isa = PBXVariantGroup;
			children = (
				414BD9E82329495900785ED2 /* Base */,
			);
			name = Main.storyboard;
			sourceTree = "<group>";
		};
		414BD9EC2329495A00785ED2 /* LaunchScreen.storyboard */ = {
			isa = PBXVariantGroup;
			children = (
				414BD9ED2329495A00785ED2 /* Base */,
			);
			name = LaunchScreen.storyboard;
			sourceTree = "<group>";
		};
/* End PBXVariantGroup section */

/* Begin XCBuildConfiguration section */
		414BDA062329495A00785ED2 /* Debug */ = {
			isa = XCBuildConfiguration;
			buildSettings = {
				ALWAYS_SEARCH_USER_PATHS = NO;
				CLANG_ANALYZER_NONNULL = YES;
				CLANG_ANALYZER_NUMBER_OBJECT_CONVERSION = YES_AGGRESSIVE;
				CLANG_CXX_LANGUAGE_STANDARD = "gnu++14";
				CLANG_CXX_LIBRARY = "libc++";
				CLANG_ENABLE_MODULES = YES;
				CLANG_ENABLE_OBJC_ARC = YES;
				CLANG_ENABLE_OBJC_WEAK = YES;
				CLANG_WARN_BLOCK_CAPTURE_AUTORELEASING = YES;
				CLANG_WARN_BOOL_CONVERSION = YES;
				CLANG_WARN_COMMA = YES;
				CLANG_WARN_CONSTANT_CONVERSION = YES;
				CLANG_WARN_DEPRECATED_OBJC_IMPLEMENTATIONS = YES;
				CLANG_WARN_DIRECT_OBJC_ISA_USAGE = YES_ERROR;
				CLANG_WARN_DOCUMENTATION_COMMENTS = YES;
				CLANG_WARN_EMPTY_BODY = YES;
				CLANG_WARN_ENUM_CONVERSION = YES;
				CLANG_WARN_INFINITE_RECURSION = YES;
				CLANG_WARN_INT_CONVERSION = YES;
				CLANG_WARN_NON_LITERAL_NULL_CONVERSION = YES;
				CLANG_WARN_OBJC_IMPLICIT_RETAIN_SELF = YES;
				CLANG_WARN_OBJC_LITERAL_CONVERSION = YES;
				CLANG_WARN_OBJC_ROOT_CLASS = YES_ERROR;
				CLANG_WARN_RANGE_LOOP_ANALYSIS = YES;
				CLANG_WARN_STRICT_PROTOTYPES = YES;
				CLANG_WARN_SUSPICIOUS_MOVE = YES;
				CLANG_WARN_UNGUARDED_AVAILABILITY = YES_AGGRESSIVE;
				CLANG_WARN_UNREACHABLE_CODE = YES;
				CLANG_WARN__DUPLICATE_METHOD_MATCH = YES;
				CODE_SIGN_IDENTITY = "iPhone Developer";
				COPY_PHASE_STRIP = NO;
				DEBUG_INFORMATION_FORMAT = dwarf;
				ENABLE_STRICT_OBJC_MSGSEND = YES;
				ENABLE_TESTABILITY = YES;
				GCC_C_LANGUAGE_STANDARD = gnu11;
				GCC_DYNAMIC_NO_PIC = NO;
				GCC_NO_COMMON_BLOCKS = YES;
				GCC_OPTIMIZATION_LEVEL = 0;
				GCC_PREPROCESSOR_DEFINITIONS = (
					"DEBUG=1",
					"$(inherited)",
				);
				GCC_WARN_64_TO_32_BIT_CONVERSION = YES;
				GCC_WARN_ABOUT_RETURN_TYPE = YES_ERROR;
				GCC_WARN_UNDECLARED_SELECTOR = YES;
				GCC_WARN_UNINITIALIZED_AUTOS = YES_AGGRESSIVE;
				GCC_WARN_UNUSED_FUNCTION = YES;
				GCC_WARN_UNUSED_VARIABLE = YES;
				IPHONEOS_DEPLOYMENT_TARGET = 12.4;
				MTL_ENABLE_DEBUG_INFO = INCLUDE_SOURCE;
				MTL_FAST_MATH = YES;
				ONLY_ACTIVE_ARCH = YES;
				SDKROOT = iphoneos;
				SWIFT_ACTIVE_COMPILATION_CONDITIONS = DEBUG;
				SWIFT_OPTIMIZATION_LEVEL = "-Onone";
			};
			name = Debug;
		};
		414BDA072329495A00785ED2 /* Release */ = {
			isa = XCBuildConfiguration;
			buildSettings = {
				ALWAYS_SEARCH_USER_PATHS = NO;
				CLANG_ANALYZER_NONNULL = YES;
				CLANG_ANALYZER_NUMBER_OBJECT_CONVERSION = YES_AGGRESSIVE;
				CLANG_CXX_LANGUAGE_STANDARD = "gnu++14";
				CLANG_CXX_LIBRARY = "libc++";
				CLANG_ENABLE_MODULES = YES;
				CLANG_ENABLE_OBJC_ARC = YES;
				CLANG_ENABLE_OBJC_WEAK = YES;
				CLANG_WARN_BLOCK_CAPTURE_AUTORELEASING = YES;
				CLANG_WARN_BOOL_CONVERSION = YES;
				CLANG_WARN_COMMA = YES;
				CLANG_WARN_CONSTANT_CONVERSION = YES;
				CLANG_WARN_DEPRECATED_OBJC_IMPLEMENTATIONS = YES;
				CLANG_WARN_DIRECT_OBJC_ISA_USAGE = YES_ERROR;
				CLANG_WARN_DOCUMENTATION_COMMENTS = YES;
				CLANG_WARN_EMPTY_BODY = YES;
				CLANG_WARN_ENUM_CONVERSION = YES;
				CLANG_WARN_INFINITE_RECURSION = YES;
				CLANG_WARN_INT_CONVERSION = YES;
				CLANG_WARN_NON_LITERAL_NULL_CONVERSION = YES;
				CLANG_WARN_OBJC_IMPLICIT_RETAIN_SELF = YES;
				CLANG_WARN_OBJC_LITERAL_CONVERSION = YES;
				CLANG_WARN_OBJC_ROOT_CLASS = YES_ERROR;
				CLANG_WARN_RANGE_LOOP_ANALYSIS = YES;
				CLANG_WARN_STRICT_PROTOTYPES = YES;
				CLANG_WARN_SUSPICIOUS_MOVE = YES;
				CLANG_WARN_UNGUARDED_AVAILABILITY = YES_AGGRESSIVE;
				CLANG_WARN_UNREACHABLE_CODE = YES;
				CLANG_WARN__DUPLICATE_METHOD_MATCH = YES;
				CODE_SIGN_IDENTITY = "iPhone Developer";
				COPY_PHASE_STRIP = NO;
				DEBUG_INFORMATION_FORMAT = "dwarf-with-dsym";
				ENABLE_NS_ASSERTIONS = NO;
				ENABLE_STRICT_OBJC_MSGSEND = YES;
				GCC_C_LANGUAGE_STANDARD = gnu11;
				GCC_NO_COMMON_BLOCKS = YES;
				GCC_WARN_64_TO_32_BIT_CONVERSION = YES;
				GCC_WARN_ABOUT_RETURN_TYPE = YES_ERROR;
				GCC_WARN_UNDECLARED_SELECTOR = YES;
				GCC_WARN_UNINITIALIZED_AUTOS = YES_AGGRESSIVE;
				GCC_WARN_UNUSED_FUNCTION = YES;
				GCC_WARN_UNUSED_VARIABLE = YES;
				IPHONEOS_DEPLOYMENT_TARGET = 12.4;
				MTL_ENABLE_DEBUG_INFO = NO;
				MTL_FAST_MATH = YES;
				SDKROOT = iphoneos;
				SWIFT_COMPILATION_MODE = wholemodule;
				SWIFT_OPTIMIZATION_LEVEL = "-O";
				VALIDATE_PRODUCT = YES;
			};
			name = Release;
		};
		414BDA092329495A00785ED2 /* Debug */ = {
			isa = XCBuildConfiguration;
			baseConfigurationReference = C44F411F1301BF4B8133B918 /* Pods-Fi_dog_walk_tracker.debug.xcconfig */;
			buildSettings = {
				ASSETCATALOG_COMPILER_APPICON_NAME = AppIcon;
				CODE_SIGN_STYLE = Automatic;
				DEVELOPMENT_TEAM = GGW6DQ293Y;
				INFOPLIST_FILE = Fi_dog_walk_tracker/Info.plist;
				LD_RUNPATH_SEARCH_PATHS = (
					"$(inherited)",
					"@executable_path/Frameworks",
				);
				PRODUCT_BUNDLE_IDENTIFIER = "com.smartwarelabs.fi.Fi-dog-walk-tracker";
				PRODUCT_NAME = "$(TARGET_NAME)";
				SWIFT_VERSION = 5.0;
				TARGETED_DEVICE_FAMILY = "1,2";
			};
			name = Debug;
		};
		414BDA0A2329495A00785ED2 /* Release */ = {
			isa = XCBuildConfiguration;
			baseConfigurationReference = B5E1EA8ADD8E3BF5318076A4 /* Pods-Fi_dog_walk_tracker.release.xcconfig */;
			buildSettings = {
				ASSETCATALOG_COMPILER_APPICON_NAME = AppIcon;
				CODE_SIGN_STYLE = Automatic;
				DEVELOPMENT_TEAM = GGW6DQ293Y;
				INFOPLIST_FILE = Fi_dog_walk_tracker/Info.plist;
				LD_RUNPATH_SEARCH_PATHS = (
					"$(inherited)",
					"@executable_path/Frameworks",
				);
				PRODUCT_BUNDLE_IDENTIFIER = "com.smartwarelabs.fi.Fi-dog-walk-tracker";
				PRODUCT_NAME = "$(TARGET_NAME)";
				SWIFT_VERSION = 5.0;
				TARGETED_DEVICE_FAMILY = "1,2";
			};
			name = Release;
		};
		414BDA0C2329495A00785ED2 /* Debug */ = {
			isa = XCBuildConfiguration;
			buildSettings = {
				ALWAYS_EMBED_SWIFT_STANDARD_LIBRARIES = YES;
				BUNDLE_LOADER = "$(TEST_HOST)";
				CODE_SIGN_STYLE = Automatic;
				DEVELOPMENT_TEAM = GGW6DQ293Y;
				INFOPLIST_FILE = Fi_dog_walk_trackerTests/Info.plist;
				LD_RUNPATH_SEARCH_PATHS = (
					"$(inherited)",
					"@executable_path/Frameworks",
					"@loader_path/Frameworks",
				);
				PRODUCT_BUNDLE_IDENTIFIER = "com.smartwarelabs.fi.Fi-dog-walk-trackerTests";
				PRODUCT_NAME = "$(TARGET_NAME)";
				SWIFT_VERSION = 5.0;
				TARGETED_DEVICE_FAMILY = "1,2";
				TEST_HOST = "$(BUILT_PRODUCTS_DIR)/Fi_dog_walk_tracker.app/Fi_dog_walk_tracker";
			};
			name = Debug;
		};
		414BDA0D2329495A00785ED2 /* Release */ = {
			isa = XCBuildConfiguration;
			buildSettings = {
				ALWAYS_EMBED_SWIFT_STANDARD_LIBRARIES = YES;
				BUNDLE_LOADER = "$(TEST_HOST)";
				CODE_SIGN_STYLE = Automatic;
				DEVELOPMENT_TEAM = GGW6DQ293Y;
				INFOPLIST_FILE = Fi_dog_walk_trackerTests/Info.plist;
				LD_RUNPATH_SEARCH_PATHS = (
					"$(inherited)",
					"@executable_path/Frameworks",
					"@loader_path/Frameworks",
				);
				PRODUCT_BUNDLE_IDENTIFIER = "com.smartwarelabs.fi.Fi-dog-walk-trackerTests";
				PRODUCT_NAME = "$(TARGET_NAME)";
				SWIFT_VERSION = 5.0;
				TARGETED_DEVICE_FAMILY = "1,2";
				TEST_HOST = "$(BUILT_PRODUCTS_DIR)/Fi_dog_walk_tracker.app/Fi_dog_walk_tracker";
			};
			name = Release;
		};
		414BDA0F2329495A00785ED2 /* Debug */ = {
			isa = XCBuildConfiguration;
			buildSettings = {
				ALWAYS_EMBED_SWIFT_STANDARD_LIBRARIES = YES;
				CODE_SIGN_STYLE = Automatic;
				DEVELOPMENT_TEAM = GGW6DQ293Y;
				INFOPLIST_FILE = Fi_dog_walk_trackerUITests/Info.plist;
				LD_RUNPATH_SEARCH_PATHS = (
					"$(inherited)",
					"@executable_path/Frameworks",
					"@loader_path/Frameworks",
				);
				PRODUCT_BUNDLE_IDENTIFIER = "com.smartwarelabs.fi.Fi-dog-walk-trackerUITests";
				PRODUCT_NAME = "$(TARGET_NAME)";
				SWIFT_VERSION = 5.0;
				TARGETED_DEVICE_FAMILY = "1,2";
				TEST_TARGET_NAME = Fi_dog_walk_tracker;
			};
			name = Debug;
		};
		414BDA102329495A00785ED2 /* Release */ = {
			isa = XCBuildConfiguration;
			buildSettings = {
				ALWAYS_EMBED_SWIFT_STANDARD_LIBRARIES = YES;
				CODE_SIGN_STYLE = Automatic;
				DEVELOPMENT_TEAM = GGW6DQ293Y;
				INFOPLIST_FILE = Fi_dog_walk_trackerUITests/Info.plist;
				LD_RUNPATH_SEARCH_PATHS = (
					"$(inherited)",
					"@executable_path/Frameworks",
					"@loader_path/Frameworks",
				);
				PRODUCT_BUNDLE_IDENTIFIER = "com.smartwarelabs.fi.Fi-dog-walk-trackerUITests";
				PRODUCT_NAME = "$(TARGET_NAME)";
				SWIFT_VERSION = 5.0;
				TARGETED_DEVICE_FAMILY = "1,2";
				TEST_TARGET_NAME = Fi_dog_walk_tracker;
			};
			name = Release;
		};
/* End XCBuildConfiguration section */

/* Begin XCConfigurationList section */
		414BD9DB2329495900785ED2 /* Build configuration list for PBXProject "Fi_dog_walk_tracker" */ = {
			isa = XCConfigurationList;
			buildConfigurations = (
				414BDA062329495A00785ED2 /* Debug */,
				414BDA072329495A00785ED2 /* Release */,
			);
			defaultConfigurationIsVisible = 0;
			defaultConfigurationName = Release;
		};
		414BDA082329495A00785ED2 /* Build configuration list for PBXNativeTarget "Fi_dog_walk_tracker" */ = {
			isa = XCConfigurationList;
			buildConfigurations = (
				414BDA092329495A00785ED2 /* Debug */,
				414BDA0A2329495A00785ED2 /* Release */,
			);
			defaultConfigurationIsVisible = 0;
			defaultConfigurationName = Release;
		};
		414BDA0B2329495A00785ED2 /* Build configuration list for PBXNativeTarget "Fi_dog_walk_trackerTests" */ = {
			isa = XCConfigurationList;
			buildConfigurations = (
				414BDA0C2329495A00785ED2 /* Debug */,
				414BDA0D2329495A00785ED2 /* Release */,
			);
			defaultConfigurationIsVisible = 0;
			defaultConfigurationName = Release;
		};
		414BDA0E2329495A00785ED2 /* Build configuration list for PBXNativeTarget "Fi_dog_walk_trackerUITests" */ = {
			isa = XCConfigurationList;
			buildConfigurations = (
				414BDA0F2329495A00785ED2 /* Debug */,
				414BDA102329495A00785ED2 /* Release */,
			);
			defaultConfigurationIsVisible = 0;
			defaultConfigurationName = Release;
		};
/* End XCConfigurationList section */
	};
	rootObject = 414BD9D82329495900785ED2 /* Project object */;
}
